# This file is automatically @generated by Cargo.
# It is not intended for manual editing.
version = 3

[[package]]
name = "firefly-input-test"
version = "0.2.1"
dependencies = [
 "firefly-rust",
]

[[package]]
name = "firefly-rust"
version = "0.9.0"
source = "registry+https://github.com/rust-lang/crates.io-index"
checksum = "7558d34c2d533cd6a133a14c6b87337aaaaae8ef2af90e65f0dd95202c8d1e20"
