# This file is automatically @generated by Cargo.
# It is not intended for manual editing.
version = 3

[[package]]
name = "firefly-input-test"
version = "0.1.1"
dependencies = [
 "firefly-rust",
]

[[package]]
name = "firefly-rust"
version = "0.2.0"
source = "registry+https://github.com/rust-lang/crates.io-index"
checksum = "ed18f03afc111387ce8567b31fcc8eba24631793ca94ca5969ce0adb7746d20f"
