# This file is automatically @generated by Cargo.
# It is not intended for manual editing.
version = 4

[[package]]
name = "firefly-input-test"
version = "0.4.1"
dependencies = [
 "firefly-rust",
]

[[package]]
name = "firefly-rust"
version = "0.13.2"
source = "registry+https://github.com/rust-lang/crates.io-index"
checksum = "c99a781c0a6e84cdf93cc10c8633fb6d1b064a56ff145326aa1ec97796b696a4"
